
Microsoft Visual Studio Solution File, Format Version 12.00
# Visual Studio 15
VisualStudioVersion = 15.0.28010.2036
MinimumVisualStudioVersion = 10.0.40219.1
Project("{FAE04EC0-301F-11D3-BF4B-00C04F79EFBC}") = "FIDO_BE", "FIDO_BE\FIDO_BE.csproj", "{A5676840-2991-454C-B9AB-44B9DB9DAABD}"
EndProject
Global
	GlobalSection(SolutionConfigurationPlatforms) = preSolution
		Debug|Any CPU = Debug|Any CPU
		Release|Any CPU = Release|Any CPU
	EndGlobalSection
	GlobalSection(ProjectConfigurationPlatforms) = postSolution
		{A5676840-2991-454C-B9AB-44B9DB9DAABD}.Debug|Any CPU.ActiveCfg = Debug|Any CPU
		{A5676840-2991-454C-B9AB-44B9DB9DAABD}.Debug|Any CPU.Build.0 = Debug|Any CPU
		{A5676840-2991-454C-B9AB-44B9DB9DAABD}.Release|Any CPU.ActiveCfg = Release|Any CPU
		{A5676840-2991-454C-B9AB-44B9DB9DAABD}.Release|Any CPU.Build.0 = Release|Any CPU
	EndGlobalSection
	GlobalSection(SolutionProperties) = preSolution
		HideSolutionNode = FALSE
	EndGlobalSection
	GlobalSection(ExtensibilityGlobals) = postSolution
		SolutionGuid = {68D12FBC-695D-4C08-9266-45E6F1E98B3C}
	EndGlobalSection
EndGlobal
